// !$*UTF8*$!
{
	archiveVersion = 1;
	classes = {
	};
	objectVersion = 46;
	objects = {

/* Begin PBXBuildFile section */
		06FD342D1DA64AE60030D24D /* TaskListsViewController.swift in Sources */ = {isa = PBXBuildFile; fileRef = 06FD342C1DA64AE60030D24D /* TaskListsViewController.swift */; };
		06FD34301DA67BFE0030D24D /* TasksViewController.swift in Sources */ = {isa = PBXBuildFile; fileRef = 06FD342F1DA67BFE0030D24D /* TasksViewController.swift */; };
		06FD34321DA6826B0030D24D /* TasksListViewModelProtocol.swift in Sources */ = {isa = PBXBuildFile; fileRef = 06FD34311DA6826B0030D24D /* TasksListViewModelProtocol.swift */; };
		06FD34341DA683330030D24D /* TasksListViewModel.swift in Sources */ = {isa = PBXBuildFile; fileRef = 06FD34331DA683330030D24D /* TasksListViewModel.swift */; };
		50D8BF0086CA14DF02D67509 /* Pods_RealmTasks.framework in Frameworks */ = {isa = PBXBuildFile; fileRef = 4FA075DC30E042E017993C10 /* Pods_RealmTasks.framework */; };
		DA0BDB1B1BCC42EA00318A58 /* AppDelegate.swift in Sources */ = {isa = PBXBuildFile; fileRef = DA0BDB1A1BCC42EA00318A58 /* AppDelegate.swift */; };
		DA0BDB201BCC42EA00318A58 /* Main.storyboard in Resources */ = {isa = PBXBuildFile; fileRef = DA0BDB1E1BCC42EA00318A58 /* Main.storyboard */; };
		DA0BDB221BCC42EA00318A58 /* Assets.xcassets in Resources */ = {isa = PBXBuildFile; fileRef = DA0BDB211BCC42EA00318A58 /* Assets.xcassets */; };
		DA0BDB251BCC42EA00318A58 /* LaunchScreen.storyboard in Resources */ = {isa = PBXBuildFile; fileRef = DA0BDB231BCC42EA00318A58 /* LaunchScreen.storyboard */; };
		DA646C7F1BCD7615002965D7 /* Task.swift in Sources */ = {isa = PBXBuildFile; fileRef = DA646C7E1BCD7615002965D7 /* Task.swift */; };
		DA646C811BCD877E002965D7 /* TaskList.swift in Sources */ = {isa = PBXBuildFile; fileRef = DA646C801BCD877E002965D7 /* TaskList.swift */; };
/* End PBXBuildFile section */

/* Begin PBXFileReference section */
		06FD342C1DA64AE60030D24D /* TaskListsViewController.swift */ = {isa = PBXFileReference; fileEncoding = 4; lastKnownFileType = sourcecode.swift; path = TaskListsViewController.swift; sourceTree = "<group>"; };
		06FD342F1DA67BFE0030D24D /* TasksViewController.swift */ = {isa = PBXFileReference; fileEncoding = 4; lastKnownFileType = sourcecode.swift; path = TasksViewController.swift; sourceTree = "<group>"; };
		06FD34311DA6826B0030D24D /* TasksListViewModelProtocol.swift */ = {isa = PBXFileReference; fileEncoding = 4; lastKnownFileType = sourcecode.swift; path = TasksListViewModelProtocol.swift; sourceTree = "<group>"; };
		06FD34331DA683330030D24D /* TasksListViewModel.swift */ = {isa = PBXFileReference; fileEncoding = 4; lastKnownFileType = sourcecode.swift; path = TasksListViewModel.swift; sourceTree = "<group>"; };
		4FA075DC30E042E017993C10 /* Pods_RealmTasks.framework */ = {isa = PBXFileReference; explicitFileType = wrapper.framework; includeInIndex = 0; path = Pods_RealmTasks.framework; sourceTree = BUILT_PRODUCTS_DIR; };
		5B2994AF6A0E07EC2FFFE0FE /* Pods-RealmTasks.release.xcconfig */ = {isa = PBXFileReference; includeInIndex = 1; lastKnownFileType = text.xcconfig; name = "Pods-RealmTasks.release.xcconfig"; path = "Pods/Target Support Files/Pods-RealmTasks/Pods-RealmTasks.release.xcconfig"; sourceTree = "<group>"; };
		985E602AD3F95C4DF4632EF2 /* Pods-RealmTasks.debug.xcconfig */ = {isa = PBXFileReference; includeInIndex = 1; lastKnownFileType = text.xcconfig; name = "Pods-RealmTasks.debug.xcconfig"; path = "Pods/Target Support Files/Pods-RealmTasks/Pods-RealmTasks.debug.xcconfig"; sourceTree = "<group>"; };
		DA0BDB171BCC42EA00318A58 /* RealmTasks.app */ = {isa = PBXFileReference; explicitFileType = wrapper.application; includeInIndex = 0; path = RealmTasks.app; sourceTree = BUILT_PRODUCTS_DIR; };
		DA0BDB1A1BCC42EA00318A58 /* AppDelegate.swift */ = {isa = PBXFileReference; lastKnownFileType = sourcecode.swift; path = AppDelegate.swift; sourceTree = "<group>"; };
		DA0BDB1F1BCC42EA00318A58 /* Base */ = {isa = PBXFileReference; lastKnownFileType = file.storyboard; name = Base; path = Base.lproj/Main.storyboard; sourceTree = "<group>"; };
		DA0BDB211BCC42EA00318A58 /* Assets.xcassets */ = {isa = PBXFileReference; lastKnownFileType = folder.assetcatalog; path = Assets.xcassets; sourceTree = "<group>"; };
		DA0BDB241BCC42EA00318A58 /* Base */ = {isa = PBXFileReference; lastKnownFileType = file.storyboard; name = Base; path = Base.lproj/LaunchScreen.storyboard; sourceTree = "<group>"; };
		DA0BDB261BCC42EA00318A58 /* Info.plist */ = {isa = PBXFileReference; lastKnownFileType = text.plist.xml; path = Info.plist; sourceTree = "<group>"; };
		DA646C7E1BCD7615002965D7 /* Task.swift */ = {isa = PBXFileReference; fileEncoding = 4; lastKnownFileType = sourcecode.swift; path = Task.swift; sourceTree = "<group>"; };
		DA646C801BCD877E002965D7 /* TaskList.swift */ = {isa = PBXFileReference; fileEncoding = 4; lastKnownFileType = sourcecode.swift; path = TaskList.swift; sourceTree = "<group>"; };
/* End PBXFileReference section */

/* Begin PBXFrameworksBuildPhase section */
		DA0BDB141BCC42EA00318A58 /* Frameworks */ = {
			isa = PBXFrameworksBuildPhase;
			buildActionMask = 2147483647;
			files = (
				50D8BF0086CA14DF02D67509 /* Pods_RealmTasks.framework in Frameworks */,
			);
			runOnlyForDeploymentPostprocessing = 0;
		};
/* End PBXFrameworksBuildPhase section */

/* Begin PBXGroup section */
		027AC09351E57DE39E9CC57F /* Frameworks */ = {
			isa = PBXGroup;
			children = (
				4FA075DC30E042E017993C10 /* Pods_RealmTasks.framework */,
			);
			name = Frameworks;
			sourceTree = "<group>";
		};
		06FD342A1DA64AA20030D24D /* Controllers */ = {
			isa = PBXGroup;
			children = (
				06FD342E1DA64C010030D24D /* TasksViewController */,
				06FD342B1DA64AC40030D24D /* TaskListsViewController */,
			);
			path = Controllers;
			sourceTree = "<group>";
		};
		06FD342B1DA64AC40030D24D /* TaskListsViewController */ = {
			isa = PBXGroup;
			children = (
				06FD34311DA6826B0030D24D /* TasksListViewModelProtocol.swift */,
				06FD34331DA683330030D24D /* TasksListViewModel.swift */,
				06FD342C1DA64AE60030D24D /* TaskListsViewController.swift */,
			);
			path = TaskListsViewController;
			sourceTree = "<group>";
		};
		06FD342E1DA64C010030D24D /* TasksViewController */ = {
			isa = PBXGroup;
			children = (
				06FD342F1DA67BFE0030D24D /* TasksViewController.swift */,
			);
			path = TasksViewController;
			sourceTree = "<group>";
		};
		1D3D12C082DA54DFA5A2E115 /* Pods */ = {
			isa = PBXGroup;
			children = (
				985E602AD3F95C4DF4632EF2 /* Pods-RealmTasks.debug.xcconfig */,
				5B2994AF6A0E07EC2FFFE0FE /* Pods-RealmTasks.release.xcconfig */,
			);
			name = Pods;
			sourceTree = "<group>";
		};
		DA0BDB0E1BCC42EA00318A58 = {
			isa = PBXGroup;
			children = (
				DA0BDB191BCC42EA00318A58 /* RealmTasks */,
				DA0BDB181BCC42EA00318A58 /* Products */,
				1D3D12C082DA54DFA5A2E115 /* Pods */,
				027AC09351E57DE39E9CC57F /* Frameworks */,
			);
			sourceTree = "<group>";
		};
		DA0BDB181BCC42EA00318A58 /* Products */ = {
			isa = PBXGroup;
			children = (
				DA0BDB171BCC42EA00318A58 /* RealmTasks.app */,
			);
			name = Products;
			sourceTree = "<group>";
		};
		DA0BDB191BCC42EA00318A58 /* RealmTasks */ = {
			isa = PBXGroup;
			children = (
				06FD342A1DA64AA20030D24D /* Controllers */,
				DA646C7B1BCD7587002965D7 /* Model */,
				DA0BDB1A1BCC42EA00318A58 /* AppDelegate.swift */,
				DA0BDB1E1BCC42EA00318A58 /* Main.storyboard */,
				DA0BDB211BCC42EA00318A58 /* Assets.xcassets */,
				DA0BDB231BCC42EA00318A58 /* LaunchScreen.storyboard */,
				DA0BDB261BCC42EA00318A58 /* Info.plist */,
			);
			path = RealmTasks;
			sourceTree = "<group>";
		};
		DA646C7B1BCD7587002965D7 /* Model */ = {
			isa = PBXGroup;
			children = (
				DA646C7E1BCD7615002965D7 /* Task.swift */,
				DA646C801BCD877E002965D7 /* TaskList.swift */,
			);
			path = Model;
			sourceTree = "<group>";
		};
/* End PBXGroup section */

/* Begin PBXNativeTarget section */
		DA0BDB161BCC42EA00318A58 /* RealmTasks */ = {
			isa = PBXNativeTarget;
			buildConfigurationList = DA0BDB291BCC42EA00318A58 /* Build configuration list for PBXNativeTarget "RealmTasks" */;
			buildPhases = (
				BB185BA44B4DBCAE11124202 /* [CP] Check Pods Manifest.lock */,
				DA0BDB131BCC42EA00318A58 /* Sources */,
				DA0BDB141BCC42EA00318A58 /* Frameworks */,
				DA0BDB151BCC42EA00318A58 /* Resources */,
				9011205263540B9BDFB7840E /* [CP] Embed Pods Frameworks */,
				FBFBEB18909C291D1135825A /* [CP] Copy Pods Resources */,
			);
			buildRules = (
			);
			dependencies = (
			);
			name = RealmTasks;
			productName = RealmTasks;
			productReference = DA0BDB171BCC42EA00318A58 /* RealmTasks.app */;
			productType = "com.apple.product-type.application";
		};
/* End PBXNativeTarget section */

/* Begin PBXProject section */
		DA0BDB0F1BCC42EA00318A58 /* Project object */ = {
			isa = PBXProject;
			attributes = {
				LastUpgradeCheck = 0700;
				ORGANIZATIONNAME = "Hossam Ghareeb";
				TargetAttributes = {
					DA0BDB161BCC42EA00318A58 = {
						CreatedOnToolsVersion = 7.0;
					};
				};
			};
			buildConfigurationList = DA0BDB121BCC42EA00318A58 /* Build configuration list for PBXProject "RealmTasks" */;
			compatibilityVersion = "Xcode 3.2";
			developmentRegion = English;
			hasScannedForEncodings = 0;
			knownRegions = (
				en,
				Base,
			);
			mainGroup = DA0BDB0E1BCC42EA00318A58;
			productRefGroup = DA0BDB181BCC42EA00318A58 /* Products */;
			projectDirPath = "";
			projectRoot = "";
			targets = (
				DA0BDB161BCC42EA00318A58 /* RealmTasks */,
			);
		};
/* End PBXProject section */

/* Begin PBXResourcesBuildPhase section */
		DA0BDB151BCC42EA00318A58 /* Resources */ = {
			isa = PBXResourcesBuildPhase;
			buildActionMask = 2147483647;
			files = (
				DA0BDB251BCC42EA00318A58 /* LaunchScreen.storyboard in Resources */,
				DA0BDB221BCC42EA00318A58 /* Assets.xcassets in Resources */,
				DA0BDB201BCC42EA00318A58 /* Main.storyboard in Resources */,
			);
			runOnlyForDeploymentPostprocessing = 0;
		};
/* End PBXResourcesBuildPhase section */

/* Begin PBXShellScriptBuildPhase section */
		9011205263540B9BDFB7840E /* [CP] Embed Pods Frameworks */ = {
			isa = PBXShellScriptBuildPhase;
			buildActionMask = 2147483647;
			files = (
			);
			inputPaths = (
			);
			name = "[CP] Embed Pods Frameworks";
			outputPaths = (
			);
			runOnlyForDeploymentPostprocessing = 0;
			shellPath = /bin/sh;
			shellScript = "\"${SRCROOT}/Pods/Target Support Files/Pods-RealmTasks/Pods-RealmTasks-frameworks.sh\"\n";
			showEnvVarsInLog = 0;
		};
		BB185BA44B4DBCAE11124202 /* [CP] Check Pods Manifest.lock */ = {
			isa = PBXShellScriptBuildPhase;
			buildActionMask = 2147483647;
			files = (
			);
			inputPaths = (
			);
			name = "[CP] Check Pods Manifest.lock";
			outputPaths = (
			);
			runOnlyForDeploymentPostprocessing = 0;
			shellPath = /bin/sh;
			shellScript = "diff \"${PODS_ROOT}/../Podfile.lock\" \"${PODS_ROOT}/Manifest.lock\" > /dev/null\nif [[ $? != 0 ]] ; then\n    cat << EOM\nerror: The sandbox is not in sync with the Podfile.lock. Run 'pod install' or update your CocoaPods installation.\nEOM\n    exit 1\nfi\n";
			showEnvVarsInLog = 0;
		};
		FBFBEB18909C291D1135825A /* [CP] Copy Pods Resources */ = {
			isa = PBXShellScriptBuildPhase;
			buildActionMask = 2147483647;
			files = (
			);
			inputPaths = (
			);
			name = "[CP] Copy Pods Resources";
			outputPaths = (
			);
			runOnlyForDeploymentPostprocessing = 0;
			shellPath = /bin/sh;
			shellScript = "\"${SRCROOT}/Pods/Target Support Files/Pods-RealmTasks/Pods-RealmTasks-resources.sh\"\n";
			showEnvVarsInLog = 0;
		};
/* End PBXShellScriptBuildPhase section */

/* Begin PBXSourcesBuildPhase section */
		DA0BDB131BCC42EA00318A58 /* Sources */ = {
			isa = PBXSourcesBuildPhase;
			buildActionMask = 2147483647;
			files = (
				DA646C811BCD877E002965D7 /* TaskList.swift in Sources */,
				DA646C7F1BCD7615002965D7 /* Task.swift in Sources */,
				06FD34321DA6826B0030D24D /* TasksListViewModelProtocol.swift in Sources */,
				06FD34301DA67BFE0030D24D /* TasksViewController.swift in Sources */,
				06FD342D1DA64AE60030D24D /* TaskListsViewController.swift in Sources */,
				06FD34341DA683330030D24D /* TasksListViewModel.swift in Sources */,
				DA0BDB1B1BCC42EA00318A58 /* AppDelegate.swift in Sources */,
			);
			runOnlyForDeploymentPostprocessing = 0;
		};
/* End PBXSourcesBuildPhase section */

/* Begin PBXVariantGroup section */
		DA0BDB1E1BCC42EA00318A58 /* Main.storyboard */ = {
			isa = PBXVariantGroup;
			children = (
				DA0BDB1F1BCC42EA00318A58 /* Base */,
			);
			name = Main.storyboard;
			sourceTree = "<group>";
		};
		DA0BDB231BCC42EA00318A58 /* LaunchScreen.storyboard */ = {
			isa = PBXVariantGroup;
			children = (
				DA0BDB241BCC42EA00318A58 /* Base */,
			);
			name = LaunchScreen.storyboard;
			sourceTree = "<group>";
		};
/* End PBXVariantGroup section */

/* Begin XCBuildConfiguration section */
		DA0BDB271BCC42EA00318A58 /* Debug */ = {
			isa = XCBuildConfiguration;
			buildSettings = {
				ALWAYS_SEARCH_USER_PATHS = NO;
				CLANG_CXX_LANGUAGE_STANDARD = "gnu++0x";
				CLANG_CXX_LIBRARY = "libc++";
				CLANG_ENABLE_MODULES = YES;
				CLANG_ENABLE_OBJC_ARC = YES;
				CLANG_WARN_BOOL_CONVERSION = YES;
				CLANG_WARN_CONSTANT_CONVERSION = YES;
				CLANG_WARN_DIRECT_OBJC_ISA_USAGE = YES_ERROR;
				CLANG_WARN_EMPTY_BODY = YES;
				CLANG_WARN_ENUM_CONVERSION = YES;
				CLANG_WARN_INT_CONVERSION = YES;
				CLANG_WARN_OBJC_ROOT_CLASS = YES_ERROR;
				CLANG_WARN_UNREACHABLE_CODE = YES;
				CLANG_WARN__DUPLICATE_METHOD_MATCH = YES;
				"CODE_SIGN_IDENTITY[sdk=iphoneos*]" = "iPhone Developer";
				COPY_PHASE_STRIP = NO;
				DEBUG_INFORMATION_FORMAT = dwarf;
				ENABLE_STRICT_OBJC_MSGSEND = YES;
				ENABLE_TESTABILITY = YES;
				GCC_C_LANGUAGE_STANDARD = gnu99;
				GCC_DYNAMIC_NO_PIC = NO;
				GCC_NO_COMMON_BLOCKS = YES;
				GCC_OPTIMIZATION_LEVEL = 0;
				GCC_PREPROCESSOR_DEFINITIONS = (
					"DEBUG=1",
					"$(inherited)",
				);
				GCC_WARN_64_TO_32_BIT_CONVERSION = YES;
				GCC_WARN_ABOUT_RETURN_TYPE = YES_ERROR;
				GCC_WARN_UNDECLARED_SELECTOR = YES;
				GCC_WARN_UNINITIALIZED_AUTOS = YES_AGGRESSIVE;
				GCC_WARN_UNUSED_FUNCTION = YES;
				GCC_WARN_UNUSED_VARIABLE = YES;
				IPHONEOS_DEPLOYMENT_TARGET = 9.0;
				MTL_ENABLE_DEBUG_INFO = YES;
				ONLY_ACTIVE_ARCH = YES;
				SDKROOT = iphoneos;
				SWIFT_OPTIMIZATION_LEVEL = "-Onone";
			};
			name = Debug;
		};
		DA0BDB281BCC42EA00318A58 /* Release */ = {
			isa = XCBuildConfiguration;
			buildSettings = {
				ALWAYS_SEARCH_USER_PATHS = NO;
				CLANG_CXX_LANGUAGE_STANDARD = "gnu++0x";
				CLANG_CXX_LIBRARY = "libc++";
				CLANG_ENABLE_MODULES = YES;
				CLANG_ENABLE_OBJC_ARC = YES;
				CLANG_WARN_BOOL_CONVERSION = YES;
				CLANG_WARN_CONSTANT_CONVERSION = YES;
				CLANG_WARN_DIRECT_OBJC_ISA_USAGE = YES_ERROR;
				CLANG_WARN_EMPTY_BODY = YES;
				CLANG_WARN_ENUM_CONVERSION = YES;
				CLANG_WARN_INT_CONVERSION = YES;
				CLANG_WARN_OBJC_ROOT_CLASS = YES_ERROR;
				CLANG_WARN_UNREACHABLE_CODE = YES;
				CLANG_WARN__DUPLICATE_METHOD_MATCH = YES;
				"CODE_SIGN_IDENTITY[sdk=iphoneos*]" = "iPhone Developer";
				COPY_PHASE_STRIP = NO;
				DEBUG_INFORMATION_FORMAT = "dwarf-with-dsym";
				ENABLE_NS_ASSERTIONS = NO;
				ENABLE_STRICT_OBJC_MSGSEND = YES;
				GCC_C_LANGUAGE_STANDARD = gnu99;
				GCC_NO_COMMON_BLOCKS = YES;
				GCC_WARN_64_TO_32_BIT_CONVERSION = YES;
				GCC_WARN_ABOUT_RETURN_TYPE = YES_ERROR;
				GCC_WARN_UNDECLARED_SELECTOR = YES;
				GCC_WARN_UNINITIALIZED_AUTOS = YES_AGGRESSIVE;
				GCC_WARN_UNUSED_FUNCTION = YES;
				GCC_WARN_UNUSED_VARIABLE = YES;
				IPHONEOS_DEPLOYMENT_TARGET = 9.0;
				MTL_ENABLE_DEBUG_INFO = NO;
				SDKROOT = iphoneos;
				VALIDATE_PRODUCT = YES;
			};
			name = Release;
		};
		DA0BDB2A1BCC42EA00318A58 /* Debug */ = {
			isa = XCBuildConfiguration;
			baseConfigurationReference = 985E602AD3F95C4DF4632EF2 /* Pods-RealmTasks.debug.xcconfig */;
			buildSettings = {
				ASSETCATALOG_COMPILER_APPICON_NAME = AppIcon;
				INFOPLIST_FILE = RealmTasks/Info.plist;
				LD_RUNPATH_SEARCH_PATHS = "$(inherited) @executable_path/Frameworks";
				PRODUCT_BUNDLE_IDENTIFIER = hossam.RealmTasks;
				PRODUCT_NAME = "$(TARGET_NAME)";
			};
			name = Debug;
		};
		DA0BDB2B1BCC42EA00318A58 /* Release */ = {
			isa = XCBuildConfiguration;
			baseConfigurationReference = 5B2994AF6A0E07EC2FFFE0FE /* Pods-RealmTasks.release.xcconfig */;
			buildSettings = {
				ASSETCATALOG_COMPILER_APPICON_NAME = AppIcon;
				INFOPLIST_FILE = RealmTasks/Info.plist;
				LD_RUNPATH_SEARCH_PATHS = "$(inherited) @executable_path/Frameworks";
				PRODUCT_BUNDLE_IDENTIFIER = hossam.RealmTasks;
				PRODUCT_NAME = "$(TARGET_NAME)";
			};
			name = Release;
		};
/* End XCBuildConfiguration section */

/* Begin XCConfigurationList section */
		DA0BDB121BCC42EA00318A58 /* Build configuration list for PBXProject "RealmTasks" */ = {
			isa = XCConfigurationList;
			buildConfigurations = (
				DA0BDB271BCC42EA00318A58 /* Debug */,
				DA0BDB281BCC42EA00318A58 /* Release */,
			);
			defaultConfigurationIsVisible = 0;
			defaultConfigurationName = Release;
		};
		DA0BDB291BCC42EA00318A58 /* Build configuration list for PBXNativeTarget "RealmTasks" */ = {
			isa = XCConfigurationList;
			buildConfigurations = (
				DA0BDB2A1BCC42EA00318A58 /* Debug */,
				DA0BDB2B1BCC42EA00318A58 /* Release */,
			);
			defaultConfigurationIsVisible = 0;
			defaultConfigurationName = Release;
		};
/* End XCConfigurationList section */
	};
	rootObject = DA0BDB0F1BCC42EA00318A58 /* Project object */;
}
